[[package]]
category = "main"
description = "ASGI specs, helper code, and adapters"
name = "asgiref"
optional = false
python-versions = ">=3.5"
version = "3.2.10"

[package.extras]
tests = ["pytest", "pytest-asyncio"]

[[package]]
category = "main"
description = "The AWS SDK for Python"
name = "boto3"
optional = false
python-versions = "*"
version = "1.14.47"

[package.dependencies]
botocore = ">=1.17.47,<1.18.0"
jmespath = ">=0.7.1,<1.0.0"
s3transfer = ">=0.3.0,<0.4.0"

[[package]]
category = "main"
description = "Low-level, data-driven core of boto 3."
name = "botocore"
optional = false
python-versions = "*"
version = "1.17.47"

[package.dependencies]
docutils = ">=0.10,<0.16"
jmespath = ">=0.7.1,<1.0.0"
python-dateutil = ">=2.1,<3.0.0"

[package.dependencies.urllib3]
python = "<3.4.0 || >=3.5.0"
version = ">=1.20,<1.26"

[[package]]
category = "main"
description = "Foreign Function Interface for Python calling C code."
name = "cffi"
optional = false
python-versions = "*"
version = "1.14.2"

[package.dependencies]
pycparser = "*"

[[package]]
category = "main"
description = "Universal encoding detector for Python 2 and 3"
marker = "python_version > \"3.0\""
name = "chardet"
optional = false
python-versions = "*"
version = "3.0.4"

[[package]]
category = "main"
description = "Colored terminal output for Python's logging module"
name = "coloredlogs"
optional = false
python-versions = ">=2.7, !=3.0.*, !=3.1.*, !=3.2.*, !=3.3.*, !=3.4.*"
version = "14.0"

[package.dependencies]
humanfriendly = ">=7.1"

[package.extras]
cron = ["capturer (>=2.4)"]

[[package]]
category = "main"
description = "cryptography is a package which provides cryptographic recipes and primitives to Python developers."
name = "cryptography"
optional = false
python-versions = ">=2.7,!=3.0.*,!=3.1.*,!=3.2.*,!=3.3.*,!=3.4.*"
version = "3.0"

[package.dependencies]
cffi = ">=1.8,<1.11.3 || >1.11.3"
six = ">=1.4.1"

[package.extras]
docs = ["sphinx (>=1.6.5,<1.8.0 || >1.8.0,<3.1.0 || >3.1.0,<3.1.1 || >3.1.1)", "sphinx-rtd-theme"]
docstest = ["doc8", "pyenchant (>=1.6.11)", "twine (>=1.12.0)", "sphinxcontrib-spelling (>=4.0.1)"]
idna = ["idna (>=2.1)"]
pep8test = ["black", "flake8", "flake8-import-order", "pep8-naming"]
ssh = ["bcrypt (>=3.1.5)"]
test = ["pytest (>=3.6.0,<3.9.0 || >3.9.0,<3.9.1 || >3.9.1,<3.9.2 || >3.9.2)", "pretend", "iso8601", "pytz", "hypothesis (>=1.11.4,<3.79.2 || >3.79.2)"]

[[package]]
category = "main"
description = "Use Database URLs in your Django Application."
name = "dj-database-url"
optional = false
python-versions = "*"
version = "0.5.0"

[[package]]
category = "main"
description = "A high-level Python Web framework that encourages rapid development and clean, pragmatic design."
name = "django"
optional = false
python-versions = ">=3.6"
version = "3.1"

[package.dependencies]
asgiref = ">=3.2.10,<3.3.0"
pytz = "*"
sqlparse = ">=0.2.2"

[package.extras]
argon2 = ["argon2-cffi (>=16.1.0)"]
bcrypt = ["bcrypt"]

[[package]]
category = "main"
description = "django-cors-headers is a Django application for handling the server headers required for Cross-Origin Resource Sharing (CORS)."
name = "django-cors-headers"
optional = false
python-versions = ">=3.5"
version = "3.4.0"

[package.dependencies]
Django = ">=2.0"

[[package]]
category = "main"
description = "This is a Django library for Heroku apps."
name = "django-heroku"
optional = false
python-versions = "*"
version = "0.3.1"

[package.dependencies]
dj-database-url = ">=0.5.0"
django = "*"
psycopg2 = "*"
whitenoise = "*"

[[package]]
category = "main"
description = "Support for many storage backends in Django"
name = "django-storages"
optional = false
python-versions = ">=2.7, !=3.0.*, !=3.1.*, !=3.2.*, !=3.3.*"
version = "1.9.1"

[package.dependencies]
Django = ">=1.11"

[package.extras]
azure = ["azure-storage-blob (>=1.3.1,<12.0.0)"]
boto3 = ["boto3 (>=1.4.4)"]
dropbox = ["dropbox (>=7.2.1)"]
google = ["google-cloud-storage (>=1.15.0)"]
libcloud = ["apache-libcloud"]
sftp = ["paramiko"]

[[package]]
category = "main"
description = "Web APIs for Django, made easy."
name = "djangorestframework"
optional = false
python-versions = ">=3.5"
version = "3.11.1"

[package.dependencies]
django = ">=1.11"

[[package]]
category = "main"
description = "Docutils -- Python Documentation Utilities"
name = "docutils"
optional = false
python-versions = ">=2.6, !=3.0.*, !=3.1.*, !=3.2.*"
version = "0.15.2"

[[package]]
category = "main"
description = "Interface to the Ghostscript C-API, both high- and low-level, based on ctypes"
name = "ghostscript"
optional = false
python-versions = "*"
version = "0.6"

[package.dependencies]
setuptools = "*"

[[package]]
category = "main"
description = "WSGI HTTP Server for UNIX"
name = "gunicorn"
optional = false
python-versions = ">=3.4"
version = "20.0.4"

[package.dependencies]
setuptools = ">=3.0"

[package.extras]
eventlet = ["eventlet (>=0.9.7)"]
gevent = ["gevent (>=0.13)"]
setproctitle = ["setproctitle"]
tornado = ["tornado (>=0.2)"]

[[package]]
category = "main"
description = "Human friendly output for text interfaces using Python"
name = "humanfriendly"
optional = false
python-versions = ">=2.7, !=3.0.*, !=3.1.*, !=3.2.*, !=3.3.*, !=3.4.*"
version = "8.2"

[package.dependencies]
pyreadline = "*"

[[package]]
category = "main"
description = "Convert images to PDF via direct JPEG inclusion."
name = "img2pdf"
optional = false
python-versions = "*"
version = "0.4.0"

[package.dependencies]
Pillow = "*"
pikepdf = "*"

[package.extras]
gui = ["tkinter"]

[[package]]
category = "main"
description = "Read metadata from Python packages"
marker = "python_version < \"3.8\""
name = "importlib-metadata"
optional = false
python-versions = "!=3.0.*,!=3.1.*,!=3.2.*,!=3.3.*,!=3.4.*,>=2.7"
version = "1.7.0"

[package.dependencies]
zipp = ">=0.5"

[package.extras]
docs = ["sphinx", "rst.linker"]
testing = ["packaging", "pep517", "importlib-resources (>=1.3)"]

[[package]]
category = "main"
description = "JSON Matching Expressions"
name = "jmespath"
optional = false
python-versions = ">=2.6, !=3.0.*, !=3.1.*, !=3.2.*"
version = "0.10.0"

[[package]]
category = "main"
description = "Powerful and Pythonic XML processing library combining libxml2/libxslt with the ElementTree API."
name = "lxml"
optional = false
python-versions = ">=2.7, !=3.0.*, !=3.1.*, !=3.2.*, !=3.3.*, != 3.4.*"
version = "4.5.2"

[package.extras]
cssselect = ["cssselect (>=0.7)"]
html5 = ["html5lib"]
htmlsoup = ["beautifulsoup4"]
source = ["Cython (>=0.29.7)"]

[[package]]
category = "main"
description = "OCRmyPDF adds an OCR text layer to scanned PDF files, allowing them to be searched"
name = "ocrmypdf"
optional = false
python-versions = ">= 3.6"
version = "11.0.1"

[package.dependencies]
Pillow = ">=7.0.0"
cffi = ">=1.9.1"
coloredlogs = ">=14.0"
img2pdf = ">=0.3.0,<0.5"
"pdfminer.six" = ">=20191110,<20200720 || >20200720,<=20200726"
pikepdf = ">=1.14.0,<2"
pluggy = ">=0.13.0"
reportlab = ">=3.3.0"
tqdm = ">=4"

[[package]]
category = "main"
description = "PDF parser and analyzer"
name = "pdfminer.six"
optional = false
python-versions = ">=3.4"
version = "20200726"

[package.dependencies]
cryptography = "*"
sortedcontainers = "*"

[package.dependencies.chardet]
python = ">=3.1"
version = "*"

[package.extras]
dev = ["nose", "tox"]
docs = ["sphinx", "sphinx-argparse"]

[[package]]
category = "main"
description = "Read and write PDFs with Python, powered by qpdf"
name = "pikepdf"
optional = false
python-versions = ">=3.5"
version = "1.19.0"

[package.dependencies]
Pillow = ">=6"
lxml = ">=4.0"

[package.extras]
docs = ["ipython", "matplotlib", "pybind11", "setuptools-scm", "sphinx (>=1.4)", "sphinx-rtd-theme"]

[[package]]
category = "main"
description = "Python Imaging Library (Fork)"
name = "pillow"
optional = false
python-versions = ">=3.5"
version = "7.2.0"

[[package]]
category = "main"
description = "plugin and hook calling mechanisms for python"
name = "pluggy"
optional = false
python-versions = ">=2.7, !=3.0.*, !=3.1.*, !=3.2.*, !=3.3.*"
version = "0.13.1"

[package.dependencies]
[package.dependencies.importlib-metadata]
python = "<3.8"
version = ">=0.12"

[package.extras]
dev = ["pre-commit", "tox"]

[[package]]
category = "main"
description = "psycopg2 - Python-PostgreSQL Database Adapter"
name = "psycopg2"
optional = false
python-versions = ">=2.7,!=3.0.*,!=3.1.*,!=3.2.*,!=3.3.*"
version = "2.8.5"

[[package]]
category = "main"
description = "C parser in Python"
name = "pycparser"
optional = false
python-versions = ">=2.7, !=3.0.*, !=3.1.*, !=3.2.*, !=3.3.*"
version = "2.20"

[[package]]
category = "main"
description = "A python implmementation of GNU readline."
marker = "sys_platform == \"win32\""
name = "pyreadline"
optional = false
python-versions = "*"
version = "2.1"

[[package]]
category = "main"
description = "Python-tesseract is a python wrapper for Google's Tesseract-OCR"
name = "pytesseract"
optional = false
python-versions = "*"
version = "0.3.5"

[package.dependencies]
Pillow = "*"

[[package]]
category = "main"
description = "Extensions to the standard Python datetime module"
name = "python-dateutil"
optional = false
python-versions = "!=3.0.*,!=3.1.*,!=3.2.*,>=2.7"
version = "2.8.1"

[package.dependencies]
six = ">=1.5"

[[package]]
category = "main"
description = "World timezone definitions, modern and historical"
name = "pytz"
optional = false
python-versions = "*"
version = "2020.1"

[[package]]
category = "main"
description = "The Reportlab Toolkit"
name = "reportlab"
optional = false
python-versions = "*"
version = "3.5.48"

[package.dependencies]
pillow = ">=4.0.0"

[[package]]
category = "main"
description = "An Amazon S3 Transfer Manager"
name = "s3transfer"
optional = false
python-versions = "*"
version = "0.3.3"

[package.dependencies]
botocore = ">=1.12.36,<2.0a.0"

[[package]]
category = "main"
description = "Python 2 and 3 compatibility utilities"
name = "six"
optional = false
python-versions = ">=2.7, !=3.0.*, !=3.1.*, !=3.2.*"
version = "1.15.0"

[[package]]
category = "main"
description = "Sorted Containers -- Sorted List, Sorted Dict, Sorted Set"
name = "sortedcontainers"
optional = false
python-versions = "*"
version = "2.2.2"

[[package]]
category = "main"
description = "Non-validating SQL parser"
name = "sqlparse"
optional = false
python-versions = ">=2.7, !=3.0.*, !=3.1.*, !=3.2.*, !=3.3.*"
version = "0.3.1"

[[package]]
category = "main"
description = "Fast, Extensible Progress Meter"
name = "tqdm"
optional = false
python-versions = ">=2.6, !=3.0.*, !=3.1.*"
version = "4.48.2"

[package.extras]
dev = ["py-make (>=0.1.0)", "twine", "argopt", "pydoc-markdown"]

[[package]]
category = "main"
description = "HTTP library with thread-safe connection pooling, file post, and more."
marker = "python_version != \"3.4\""
name = "urllib3"
optional = false
python-versions = ">=2.7, !=3.0.*, !=3.1.*, !=3.2.*, !=3.3.*, !=3.4.*, <4"
version = "1.25.10"

[package.extras]
brotli = ["brotlipy (>=0.6.0)"]
secure = ["certifi", "cryptography (>=1.3.4)", "idna (>=2.0.0)", "pyOpenSSL (>=0.14)", "ipaddress"]
socks = ["PySocks (>=1.5.6,<1.5.7 || >1.5.7,<2.0)"]

[[package]]
category = "main"
description = "Radically simplified static file serving for WSGI applications"
name = "whitenoise"
optional = false
python-versions = ">=3.5, <4"
version = "5.2.0"

[package.extras]
brotli = ["brotli"]

[[package]]
category = "main"
description = "Backport of pathlib-compatible object wrapper for zip files"
marker = "python_version < \"3.8\""
name = "zipp"
optional = false
python-versions = ">=3.6"
version = "3.1.0"

[package.extras]
docs = ["sphinx", "jaraco.packaging (>=3.2)", "rst.linker (>=1.9)"]
testing = ["jaraco.itertools", "func-timeout"]

[metadata]
content-hash = "c90a2e0a8886422ac3e5379ce6d5b79053aa073b0e6b7c3732b610d12bf951d7"
lock-version = "1.0"
python-versions = "^3.7"

[metadata.files]
asgiref = [
    {file = "asgiref-3.2.10-py3-none-any.whl", hash = "sha256:9fc6fb5d39b8af147ba40765234fa822b39818b12cc80b35ad9b0cef3a476aed"},
    {file = "asgiref-3.2.10.tar.gz", hash = "sha256:7e51911ee147dd685c3c8b805c0ad0cb58d360987b56953878f8c06d2d1c6f1a"},
]
boto3 = [
    {file = "boto3-1.14.47-py2.py3-none-any.whl", hash = "sha256:0d9cbeb5c8ca67650cc963c77e2e3b3ab5dffeeee16e03d61d740755f8fc7c44"},
    {file = "boto3-1.14.47.tar.gz", hash = "sha256:df73edf3bd6f191870212e04ae9a8bc6245fd6749f464e9fb950392a8d15bd8c"},
]
botocore = [
    {file = "botocore-1.17.47-py2.py3-none-any.whl", hash = "sha256:42b320b449df22cdb1232913e4a066919d127feb8e58ad98898831e6255ccfe0"},
    {file = "botocore-1.17.47.tar.gz", hash = "sha256:eca25f01c503c2b86b394497f875a0eb0d3fe367dbc032f3a02851ba7e827109"},
]
cffi = [
    {file = "cffi-1.14.2-cp27-cp27m-macosx_10_9_x86_64.whl", hash = "sha256:da9d3c506f43e220336433dffe643fbfa40096d408cb9b7f2477892f369d5f82"},
    {file = "cffi-1.14.2-cp27-cp27m-manylinux1_i686.whl", hash = "sha256:23e44937d7695c27c66a54d793dd4b45889a81b35c0751ba91040fe825ec59c4"},
    {file = "cffi-1.14.2-cp27-cp27m-manylinux1_x86_64.whl", hash = "sha256:0da50dcbccd7cb7e6c741ab7912b2eff48e85af217d72b57f80ebc616257125e"},
    {file = "cffi-1.14.2-cp27-cp27m-win32.whl", hash = "sha256:76ada88d62eb24de7051c5157a1a78fd853cca9b91c0713c2e973e4196271d0c"},
    {file = "cffi-1.14.2-cp27-cp27m-win_amd64.whl", hash = "sha256:15a5f59a4808f82d8ec7364cbace851df591c2d43bc76bcbe5c4543a7ddd1bf1"},
    {file = "cffi-1.14.2-cp27-cp27mu-manylinux1_i686.whl", hash = "sha256:e4082d832e36e7f9b2278bc774886ca8207346b99f278e54c9de4834f17232f7"},
    {file = "cffi-1.14.2-cp27-cp27mu-manylinux1_x86_64.whl", hash = "sha256:57214fa5430399dffd54f4be37b56fe22cedb2b98862550d43cc085fb698dc2c"},
    {file = "cffi-1.14.2-cp35-cp35m-macosx_10_9_x86_64.whl", hash = "sha256:6843db0343e12e3f52cc58430ad559d850a53684f5b352540ca3f1bc56df0731"},
    {file = "cffi-1.14.2-cp35-cp35m-manylinux1_i686.whl", hash = "sha256:577791f948d34d569acb2d1add5831731c59d5a0c50a6d9f629ae1cefd9ca4a0"},
    {file = "cffi-1.14.2-cp35-cp35m-manylinux1_x86_64.whl", hash = "sha256:8662aabfeab00cea149a3d1c2999b0731e70c6b5bac596d95d13f643e76d3d4e"},
    {file = "cffi-1.14.2-cp35-cp35m-win32.whl", hash = "sha256:837398c2ec00228679513802e3744d1e8e3cb1204aa6ad408b6aff081e99a487"},
    {file = "cffi-1.14.2-cp35-cp35m-win_amd64.whl", hash = "sha256:bf44a9a0141a082e89c90e8d785b212a872db793a0080c20f6ae6e2a0ebf82ad"},
    {file = "cffi-1.14.2-cp36-cp36m-macosx_10_9_x86_64.whl", hash = "sha256:29c4688ace466a365b85a51dcc5e3c853c1d283f293dfcc12f7a77e498f160d2"},
    {file = "cffi-1.14.2-cp36-cp36m-manylinux1_i686.whl", hash = "sha256:99cc66b33c418cd579c0f03b77b94263c305c389cb0c6972dac420f24b3bf123"},
    {file = "cffi-1.14.2-cp36-cp36m-manylinux1_x86_64.whl", hash = "sha256:65867d63f0fd1b500fa343d7798fa64e9e681b594e0a07dc934c13e76ee28fb1"},
    {file = "cffi-1.14.2-cp36-cp36m-win32.whl", hash = "sha256:f5033952def24172e60493b68717792e3aebb387a8d186c43c020d9363ee7281"},
    {file = "cffi-1.14.2-cp36-cp36m-win_amd64.whl", hash = "sha256:7057613efefd36cacabbdbcef010e0a9c20a88fc07eb3e616019ea1692fa5df4"},
    {file = "cffi-1.14.2-cp37-cp37m-macosx_10_9_x86_64.whl", hash = "sha256:6539314d84c4d36f28d73adc1b45e9f4ee2a89cdc7e5d2b0a6dbacba31906798"},
    {file = "cffi-1.14.2-cp37-cp37m-manylinux1_i686.whl", hash = "sha256:672b539db20fef6b03d6f7a14b5825d57c98e4026401fce838849f8de73fe4d4"},
    {file = "cffi-1.14.2-cp37-cp37m-manylinux1_x86_64.whl", hash = "sha256:95e9094162fa712f18b4f60896e34b621df99147c2cee216cfa8f022294e8e9f"},
    {file = "cffi-1.14.2-cp37-cp37m-win32.whl", hash = "sha256:b9aa9d8818c2e917fa2c105ad538e222a5bce59777133840b93134022a7ce650"},
    {file = "cffi-1.14.2-cp37-cp37m-win_amd64.whl", hash = "sha256:e4b9b7af398c32e408c00eb4e0d33ced2f9121fd9fb978e6c1b57edd014a7d15"},
    {file = "cffi-1.14.2-cp38-cp38-macosx_10_9_x86_64.whl", hash = "sha256:e613514a82539fc48291d01933951a13ae93b6b444a88782480be32245ed4afa"},
    {file = "cffi-1.14.2-cp38-cp38-manylinux1_i686.whl", hash = "sha256:9b219511d8b64d3fa14261963933be34028ea0e57455baf6781fe399c2c3206c"},
    {file = "cffi-1.14.2-cp38-cp38-manylinux1_x86_64.whl", hash = "sha256:c0b48b98d79cf795b0916c57bebbc6d16bb43b9fc9b8c9f57f4cf05881904c75"},
    {file = "cffi-1.14.2-cp38-cp38-win32.whl", hash = "sha256:15419020b0e812b40d96ec9d369b2bc8109cc3295eac6e013d3261343580cc7e"},
    {file = "cffi-1.14.2-cp38-cp38-win_amd64.whl", hash = "sha256:12a453e03124069b6896107ee133ae3ab04c624bb10683e1ed1c1663df17c13c"},
    {file = "cffi-1.14.2.tar.gz", hash = "sha256:ae8f34d50af2c2154035984b8b5fc5d9ed63f32fe615646ab435b05b132ca91b"},
]
chardet = [
    {file = "chardet-3.0.4-py2.py3-none-any.whl", hash = "sha256:fc323ffcaeaed0e0a02bf4d117757b98aed530d9ed4531e3e15460124c106691"},
    {file = "chardet-3.0.4.tar.gz", hash = "sha256:84ab92ed1c4d4f16916e05906b6b75a6c0fb5db821cc65e70cbd64a3e2a5eaae"},
]
coloredlogs = [
    {file = "coloredlogs-14.0-py2.py3-none-any.whl", hash = "sha256:346f58aad6afd48444c2468618623638dadab76e4e70d5e10822676f2d32226a"},
    {file = "coloredlogs-14.0.tar.gz", hash = "sha256:a1fab193d2053aa6c0a97608c4342d031f1f93a3d1218432c59322441d31a505"},
]
cryptography = [
    {file = "cryptography-3.0-cp27-cp27m-macosx_10_10_x86_64.whl", hash = "sha256:ab49edd5bea8d8b39a44b3db618e4783ef84c19c8b47286bf05dfdb3efb01c83"},
    {file = "cryptography-3.0-cp27-cp27m-manylinux1_x86_64.whl", hash = "sha256:124af7255ffc8e964d9ff26971b3a6153e1a8a220b9a685dc407976ecb27a06a"},
    {file = "cryptography-3.0-cp27-cp27m-manylinux2010_x86_64.whl", hash = "sha256:51e40123083d2f946794f9fe4adeeee2922b581fa3602128ce85ff813d85b81f"},
    {file = "cryptography-3.0-cp27-cp27m-win32.whl", hash = "sha256:dea0ba7fe6f9461d244679efa968d215ea1f989b9c1957d7f10c21e5c7c09ad6"},
    {file = "cryptography-3.0-cp27-cp27m-win_amd64.whl", hash = "sha256:8ecf9400d0893836ff41b6f977a33972145a855b6efeb605b49ee273c5e6469f"},
    {file = "cryptography-3.0-cp27-cp27mu-manylinux1_x86_64.whl", hash = "sha256:0c608ff4d4adad9e39b5057de43657515c7da1ccb1807c3a27d4cf31fc923b4b"},
    {file = "cryptography-3.0-cp27-cp27mu-manylinux2010_x86_64.whl", hash = "sha256:bec7568c6970b865f2bcebbe84d547c52bb2abadf74cefce396ba07571109c67"},
    {file = "cryptography-3.0-cp35-abi3-macosx_10_10_x86_64.whl", hash = "sha256:0cbfed8ea74631fe4de00630f4bb592dad564d57f73150d6f6796a24e76c76cd"},
    {file = "cryptography-3.0-cp35-abi3-manylinux1_x86_64.whl", hash = "sha256:a09fd9c1cca9a46b6ad4bea0a1f86ab1de3c0c932364dbcf9a6c2a5eeb44fa77"},
    {file = "cryptography-3.0-cp35-abi3-manylinux2010_x86_64.whl", hash = "sha256:ce82cc06588e5cbc2a7df3c8a9c778f2cb722f56835a23a68b5a7264726bb00c"},
    {file = "cryptography-3.0-cp35-cp35m-win32.whl", hash = "sha256:9367d00e14dee8d02134c6c9524bb4bd39d4c162456343d07191e2a0b5ec8b3b"},
    {file = "cryptography-3.0-cp35-cp35m-win_amd64.whl", hash = "sha256:384d7c681b1ab904fff3400a6909261cae1d0939cc483a68bdedab282fb89a07"},
    {file = "cryptography-3.0-cp36-cp36m-win32.whl", hash = "sha256:4d355f2aee4a29063c10164b032d9fa8a82e2c30768737a2fd56d256146ad559"},
    {file = "cryptography-3.0-cp36-cp36m-win_amd64.whl", hash = "sha256:45741f5499150593178fc98d2c1a9c6722df88b99c821ad6ae298eff0ba1ae71"},
    {file = "cryptography-3.0-cp37-cp37m-win32.whl", hash = "sha256:8ecef21ac982aa78309bb6f092d1677812927e8b5ef204a10c326fc29f1367e2"},
    {file = "cryptography-3.0-cp37-cp37m-win_amd64.whl", hash = "sha256:4b9303507254ccb1181d1803a2080a798910ba89b1a3c9f53639885c90f7a756"},
    {file = "cryptography-3.0-cp38-cp38-win32.whl", hash = "sha256:8713ddb888119b0d2a1462357d5946b8911be01ddbf31451e1d07eaa5077a261"},
    {file = "cryptography-3.0-cp38-cp38-win_amd64.whl", hash = "sha256:bea0b0468f89cdea625bb3f692cd7a4222d80a6bdafd6fb923963f2b9da0e15f"},
    {file = "cryptography-3.0.tar.gz", hash = "sha256:8e924dbc025206e97756e8903039662aa58aa9ba357d8e1d8fc29e3092322053"},
]
dj-database-url = [
    {file = "dj-database-url-0.5.0.tar.gz", hash = "sha256:4aeaeb1f573c74835b0686a2b46b85990571159ffc21aa57ecd4d1e1cb334163"},
    {file = "dj_database_url-0.5.0-py2.py3-none-any.whl", hash = "sha256:851785365761ebe4994a921b433062309eb882fedd318e1b0fcecc607ed02da9"},
]
django = [
    {file = "Django-3.1-py3-none-any.whl", hash = "sha256:1a63f5bb6ff4d7c42f62a519edc2adbb37f9b78068a5a862beff858b68e3dc8b"},
    {file = "Django-3.1.tar.gz", hash = "sha256:2d390268a13c655c97e0e2ede9d117007996db692c1bb93eabebd4fb7ea7012b"},
]
django-cors-headers = [
    {file = "django-cors-headers-3.4.0.tar.gz", hash = "sha256:f5218f2f0bb1210563ff87687afbf10786e080d8494a248e705507ebd92d7153"},
    {file = "django_cors_headers-3.4.0-py3-none-any.whl", hash = "sha256:5240062ef0b16668ce8a5f43324c388d65f5439e1a30e22c38684d5ddaff0d15"},
]
django-heroku = [
    {file = "django-heroku-0.3.1.tar.gz", hash = "sha256:6af4bc3ae4a9b55eaad6dbe5164918982d2762661aebc9f83d9fa49f6009514e"},
    {file = "django_heroku-0.3.1-py2.py3-none-any.whl", hash = "sha256:2bc690aab89eedbe01311752320a9a12e7548e3b0ed102681acc5736a41a4762"},
]
django-storages = [
    {file = "django-storages-1.9.1.tar.gz", hash = "sha256:a59e9923cbce7068792f75344ed7727021ee4ac20f227cf17297d0d03d141e91"},
    {file = "django_storages-1.9.1-py2.py3-none-any.whl", hash = "sha256:3103991c2ee8cef8a2ff096709973ffe7106183d211a79f22cf855f33533d924"},
]
djangorestframework = [
    {file = "djangorestframework-3.11.1-py3-none-any.whl", hash = "sha256:8b1ac62c581dbc5799b03e535854b92fc4053ecfe74bad3f9c05782063d4196b"},
    {file = "djangorestframework-3.11.1.tar.gz", hash = "sha256:6dd02d5a4bd2516fb93f80360673bf540c3b6641fec8766b1da2870a5aa00b32"},
]
docutils = [
    {file = "docutils-0.15.2-py2-none-any.whl", hash = "sha256:9e4d7ecfc600058e07ba661411a2b7de2fd0fafa17d1a7f7361cd47b1175c827"},
    {file = "docutils-0.15.2-py3-none-any.whl", hash = "sha256:6c4f696463b79f1fb8ba0c594b63840ebd41f059e92b31957c46b74a4599b6d0"},
    {file = "docutils-0.15.2.tar.gz", hash = "sha256:a2aeea129088da402665e92e0b25b04b073c04b2dce4ab65caaa38b7ce2e1a99"},
]
ghostscript = [
    {file = "ghostscript-0.6-py2.py3-none-any.whl", hash = "sha256:db90da79326ae62e4a3cc58a7c39c4be6503ad71c5e73047fb68599ae5e40cba"},
    {file = "ghostscript-0.6.tar.gz", hash = "sha256:ad0a71048dd96644c46d09f7c8c7d479e2b4d290ca3125cc49540e463a2877ac"},
]
gunicorn = [
    {file = "gunicorn-20.0.4-py2.py3-none-any.whl", hash = "sha256:cd4a810dd51bf497552cf3f863b575dabd73d6ad6a91075b65936b151cbf4f9c"},
    {file = "gunicorn-20.0.4.tar.gz", hash = "sha256:1904bb2b8a43658807108d59c3f3d56c2b6121a701161de0ddf9ad140073c626"},
]
humanfriendly = [
    {file = "humanfriendly-8.2-py2.py3-none-any.whl", hash = "sha256:e78960b31198511f45fd455534ae7645a6207d33e512d2e842c766d15d9c8080"},
    {file = "humanfriendly-8.2.tar.gz", hash = "sha256:bf52ec91244819c780341a3438d5d7b09f431d3f113a475147ac9b7b167a3d12"},
]
img2pdf = [
    {file = "img2pdf-0.4.0.tar.gz", hash = "sha256:eaee690ab8403dd1a9cb4db10afee41dd3e6c7ed63bdace02a0121f9feadb0c9"},
]
importlib-metadata = [
    {file = "importlib_metadata-1.7.0-py2.py3-none-any.whl", hash = "sha256:dc15b2969b4ce36305c51eebe62d418ac7791e9a157911d58bfb1f9ccd8e2070"},
    {file = "importlib_metadata-1.7.0.tar.gz", hash = "sha256:90bb658cdbbf6d1735b6341ce708fc7024a3e14e99ffdc5783edea9f9b077f83"},
]
jmespath = [
    {file = "jmespath-0.10.0-py2.py3-none-any.whl", hash = "sha256:cdf6525904cc597730141d61b36f2e4b8ecc257c420fa2f4549bac2c2d0cb72f"},
    {file = "jmespath-0.10.0.tar.gz", hash = "sha256:b85d0567b8666149a93172712e68920734333c0ce7e89b78b3e987f71e5ed4f9"},
]
lxml = [
    {file = "lxml-4.5.2-cp27-cp27m-macosx_10_9_x86_64.whl", hash = "sha256:74f48ec98430e06c1fa8949b49ebdd8d27ceb9df8d3d1c92e1fdc2773f003f20"},
    {file = "lxml-4.5.2-cp27-cp27m-manylinux1_i686.whl", hash = "sha256:e70d4e467e243455492f5de463b72151cc400710ac03a0678206a5f27e79ddef"},
    {file = "lxml-4.5.2-cp27-cp27m-manylinux1_x86_64.whl", hash = "sha256:7ad7906e098ccd30d8f7068030a0b16668ab8aa5cda6fcd5146d8d20cbaa71b5"},
    {file = "lxml-4.5.2-cp27-cp27m-win32.whl", hash = "sha256:92282c83547a9add85ad658143c76a64a8d339028926d7dc1998ca029c88ea6a"},
    {file = "lxml-4.5.2-cp27-cp27m-win_amd64.whl", hash = "sha256:05a444b207901a68a6526948c7cc8f9fe6d6f24c70781488e32fd74ff5996e3f"},
    {file = "lxml-4.5.2-cp27-cp27mu-manylinux1_i686.whl", hash = "sha256:94150231f1e90c9595ccc80d7d2006c61f90a5995db82bccbca7944fd457f0f6"},
    {file = "lxml-4.5.2-cp27-cp27mu-manylinux1_x86_64.whl", hash = "sha256:bea760a63ce9bba566c23f726d72b3c0250e2fa2569909e2d83cda1534c79443"},
    {file = "lxml-4.5.2-cp35-cp35m-manylinux1_i686.whl", hash = "sha256:c3f511a3c58676147c277eff0224c061dd5a6a8e1373572ac817ac6324f1b1e0"},
    {file = "lxml-4.5.2-cp35-cp35m-manylinux1_x86_64.whl", hash = "sha256:59daa84aef650b11bccd18f99f64bfe44b9f14a08a28259959d33676554065a1"},
    {file = "lxml-4.5.2-cp35-cp35m-manylinux2014_aarch64.whl", hash = "sha256:c9d317efde4bafbc1561509bfa8a23c5cab66c44d49ab5b63ff690f5159b2304"},
    {file = "lxml-4.5.2-cp35-cp35m-win32.whl", hash = "sha256:9dc9006dcc47e00a8a6a029eb035c8f696ad38e40a27d073a003d7d1443f5d88"},
    {file = "lxml-4.5.2-cp35-cp35m-win_amd64.whl", hash = "sha256:08fc93257dcfe9542c0a6883a25ba4971d78297f63d7a5a26ffa34861ca78730"},
    {file = "lxml-4.5.2-cp36-cp36m-macosx_10_9_x86_64.whl", hash = "sha256:121b665b04083a1e85ff1f5243d4a93aa1aaba281bc12ea334d5a187278ceaf1"},
    {file = "lxml-4.5.2-cp36-cp36m-manylinux1_i686.whl", hash = "sha256:5591c4164755778e29e69b86e425880f852464a21c7bb53c7ea453bbe2633bbe"},
    {file = "lxml-4.5.2-cp36-cp36m-manylinux1_x86_64.whl", hash = "sha256:cc411ad324a4486b142c41d9b2b6a722c534096963688d879ea6fa8a35028258"},
    {file = "lxml-4.5.2-cp36-cp36m-manylinux2014_aarch64.whl", hash = "sha256:1fa21263c3aba2b76fd7c45713d4428dbcc7644d73dcf0650e9d344e433741b3"},
    {file = "lxml-4.5.2-cp36-cp36m-win32.whl", hash = "sha256:786aad2aa20de3dbff21aab86b2fb6a7be68064cbbc0219bde414d3a30aa47ae"},
    {file = "lxml-4.5.2-cp36-cp36m-win_amd64.whl", hash = "sha256:e1cacf4796b20865789083252186ce9dc6cc59eca0c2e79cca332bdff24ac481"},
    {file = "lxml-4.5.2-cp37-cp37m-macosx_10_9_x86_64.whl", hash = "sha256:80a38b188d20c0524fe8959c8ce770a8fdf0e617c6912d23fc97c68301bb9aba"},
    {file = "lxml-4.5.2-cp37-cp37m-manylinux1_i686.whl", hash = "sha256:ecc930ae559ea8a43377e8b60ca6f8d61ac532fc57efb915d899de4a67928efd"},
    {file = "lxml-4.5.2-cp37-cp37m-manylinux1_x86_64.whl", hash = "sha256:a76979f728dd845655026ab991df25d26379a1a8fc1e9e68e25c7eda43004bed"},
    {file = "lxml-4.5.2-cp37-cp37m-manylinux2014_aarch64.whl", hash = "sha256:cfd7c5dd3c35c19cec59c63df9571c67c6d6e5c92e0fe63517920e97f61106d1"},
    {file = "lxml-4.5.2-cp37-cp37m-win32.whl", hash = "sha256:5a9c8d11aa2c8f8b6043d845927a51eb9102eb558e3f936df494e96393f5fd3e"},
    {file = "lxml-4.5.2-cp37-cp37m-win_amd64.whl", hash = "sha256:4b4a111bcf4b9c948e020fd207f915c24a6de3f1adc7682a2d92660eb4e84f1a"},
    {file = "lxml-4.5.2-cp38-cp38-macosx_10_9_x86_64.whl", hash = "sha256:5dd20538a60c4cc9a077d3b715bb42307239fcd25ef1ca7286775f95e9e9a46d"},
    {file = "lxml-4.5.2-cp38-cp38-manylinux1_i686.whl", hash = "sha256:2b30aa2bcff8e958cd85d907d5109820b01ac511eae5b460803430a7404e34d7"},
    {file = "lxml-4.5.2-cp38-cp38-manylinux1_x86_64.whl", hash = "sha256:aa8eba3db3d8761db161003e2d0586608092e217151d7458206e243be5a43843"},
    {file = "lxml-4.5.2-cp38-cp38-manylinux2014_aarch64.whl", hash = "sha256:8f0ec6b9b3832e0bd1d57af41f9238ea7709bbd7271f639024f2fc9d3bb01293"},
    {file = "lxml-4.5.2-cp38-cp38-win32.whl", hash = "sha256:107781b213cf7201ec3806555657ccda67b1fccc4261fb889ef7fc56976db81f"},
    {file = "lxml-4.5.2-cp38-cp38-win_amd64.whl", hash = "sha256:f161af26f596131b63b236372e4ce40f3167c1b5b5d459b29d2514bd8c9dc9ee"},
    {file = "lxml-4.5.2.tar.gz", hash = "sha256:cdc13a1682b2a6241080745b1953719e7fe0850b40a5c71ca574f090a1391df6"},
]
ocrmypdf = [
    {file = "ocrmypdf-11.0.1-py35-none-any.whl", hash = "sha256:366c509cb0a93325d52eb657dc9231a86d7e6f5079a3ad40d503bfb80eef8ba2"},
    {file = "ocrmypdf-11.0.1.tar.gz", hash = "sha256:26600d326eb0e12c45fa96f48955021adf90a25e0bfc800e6f10c1d780c5c36a"},
]
"pdfminer.six" = [
    {file = "pdfminer.six-20200726-py3-none-any.whl", hash = "sha256:96afdef540450cc8322d5d971e5fccd89ef1b3d1ea7447127d9f8eb594f8835d"},
    {file = "pdfminer.six-20200726.tar.gz", hash = "sha256:8513b27d780ac83e8474cef245c43d1ebf65ca9550dc07ac0525b4d47eb2c310"},
]
pikepdf = [
    {file = "pikepdf-1.19.0-cp35-cp35m-macosx_10_9_x86_64.whl", hash = "sha256:a031329271aed8aba0fc8c90c5ee44bbcb8e2d191fd52ee07315a5da796e015e"},
    {file = "pikepdf-1.19.0-cp35-cp35m-manylinux2010_i686.whl", hash = "sha256:fda17d5a719b9522c90398b85468abb1474e72b9327b53cf254ba804e9d67488"},
    {file = "pikepdf-1.19.0-cp35-cp35m-manylinux2010_x86_64.whl", hash = "sha256:096e0da563e3b466f4b09fa20998c8a15cfb1c71040f03e06e7687ac6a64f33a"},
    {file = "pikepdf-1.19.0-cp35-cp35m-win32.whl", hash = "sha256:775d5e334da0d0810ae9e708f4e5e3235fc2d50496b2279118271cc3263d99b2"},
    {file = "pikepdf-1.19.0-cp35-cp35m-win_amd64.whl", hash = "sha256:7af5a96be4076bb6559f89672f31673eb95c2c100be3f8a7f76eb779af0b6ec4"},
    {file = "pikepdf-1.19.0-cp36-cp36m-macosx_10_9_x86_64.whl", hash = "sha256:39b8558cc42b60db968eef3ba8b97c4d00f3cf5223f3d25add6100ba1ad636c4"},
    {file = "pikepdf-1.19.0-cp36-cp36m-manylinux2010_i686.whl", hash = "sha256:28d3dc78adaf29b890c7400ca3d845d503a34f2ddf5667777f237585544e039f"},
    {file = "pikepdf-1.19.0-cp36-cp36m-manylinux2010_x86_64.whl", hash = "sha256:a3956bceb747f768238d4e1c691e56ff1689f7e84d72aaa2566ff17872d38688"},
    {file = "pikepdf-1.19.0-cp36-cp36m-win32.whl", hash = "sha256:0bcda099dbc6f648adc6690624124ba238e388d112337509028709e930851cd7"},
    {file = "pikepdf-1.19.0-cp36-cp36m-win_amd64.whl", hash = "sha256:937eb7f3d5256352b5a10de271f473d483eb14b858ba88b10e9047be306f84e5"},
    {file = "pikepdf-1.19.0-cp37-cp37m-macosx_10_9_x86_64.whl", hash = "sha256:311b29e282fecca4a31ec4595bdc653f532cb19caeee4d95ad70f36ab2521346"},
    {file = "pikepdf-1.19.0-cp37-cp37m-manylinux2010_i686.whl", hash = "sha256:c49057f1291d48a57e4e7a3542b82b6843ddca1ec042885b8b5d1b6936476691"},
    {file = "pikepdf-1.19.0-cp37-cp37m-manylinux2010_x86_64.whl", hash = "sha256:733a07601ac8ce3c8575719076cec1097ba49673332ac4f5f8a1913d68d64093"},
    {file = "pikepdf-1.19.0-cp37-cp37m-win32.whl", hash = "sha256:9e2bb53d87bc67dc7563cf561f64be8c6151645b1cf1e9a6e9ef36bbba1363bf"},
    {file = "pikepdf-1.19.0-cp37-cp37m-win_amd64.whl", hash = "sha256:0b60cf5b087bade2e2f5dbf4bb2cb33063f5e0966f595d75d2a9e339ba2a6c07"},
    {file = "pikepdf-1.19.0-cp38-cp38-macosx_10_9_x86_64.whl", hash = "sha256:fe1381928e598f916500d0264825a73d6ec3aec06a844899c9071d4af1096a04"},
    {file = "pikepdf-1.19.0-cp38-cp38-manylinux2010_i686.whl", hash = "sha256:6ded3b7676f8131ec33cea74abbebf3e85fbe72587f5492ab63ff0f5044d405b"},
    {file = "pikepdf-1.19.0-cp38-cp38-manylinux2010_x86_64.whl", hash = "sha256:1084a6ae6dca2414a50625b0459771c53188b09d3bd26c7703330df70fdd9c39"},
    {file = "pikepdf-1.19.0-cp38-cp38-win32.whl", hash = "sha256:d20d3f5a46658076a8898e2049df20a4d777e6d45c8d1dba0221e135b78e513d"},
    {file = "pikepdf-1.19.0-cp38-cp38-win_amd64.whl", hash = "sha256:329106529c643ffd9596f688ff2a50ef581c55e561ada61d5c6c7295cbc14f68"},
    {file = "pikepdf-1.19.0.tar.gz", hash = "sha256:7eeff4fee3080cbe938480ca35a5e1f813e7ff221277124c6f9d8cc2d6e44b62"},
]
pillow = [
    {file = "Pillow-7.2.0-cp35-cp35m-macosx_10_10_intel.whl", hash = "sha256:1ca594126d3c4def54babee699c055a913efb01e106c309fa6b04405d474d5ae"},
    {file = "Pillow-7.2.0-cp35-cp35m-manylinux1_i686.whl", hash = "sha256:c92302a33138409e8f1ad16731568c55c9053eee71bb05b6b744067e1b62380f"},
    {file = "Pillow-7.2.0-cp35-cp35m-manylinux1_x86_64.whl", hash = "sha256:8dad18b69f710bf3a001d2bf3afab7c432785d94fcf819c16b5207b1cfd17d38"},
    {file = "Pillow-7.2.0-cp35-cp35m-manylinux2014_aarch64.whl", hash = "sha256:431b15cffbf949e89df2f7b48528be18b78bfa5177cb3036284a5508159492b5"},
    {file = "Pillow-7.2.0-cp35-cp35m-win32.whl", hash = "sha256:09d7f9e64289cb40c2c8d7ad674b2ed6105f55dc3b09aa8e4918e20a0311e7ad"},
    {file = "Pillow-7.2.0-cp35-cp35m-win_amd64.whl", hash = "sha256:0295442429645fa16d05bd567ef5cff178482439c9aad0411d3f0ce9b88b3a6f"},
    {file = "Pillow-7.2.0-cp36-cp36m-macosx_10_10_x86_64.whl", hash = "sha256:ec29604081f10f16a7aea809ad42e27764188fc258b02259a03a8ff7ded3808d"},
    {file = "Pillow-7.2.0-cp36-cp36m-manylinux1_i686.whl", hash = "sha256:612cfda94e9c8346f239bf1a4b082fdd5c8143cf82d685ba2dba76e7adeeb233"},
    {file = "Pillow-7.2.0-cp36-cp36m-manylinux1_x86_64.whl", hash = "sha256:0a80dd307a5d8440b0a08bd7b81617e04d870e40a3e46a32d9c246e54705e86f"},
    {file = "Pillow-7.2.0-cp36-cp36m-manylinux2014_aarch64.whl", hash = "sha256:06aba4169e78c439d528fdeb34762c3b61a70813527a2c57f0540541e9f433a8"},
    {file = "Pillow-7.2.0-cp36-cp36m-win32.whl", hash = "sha256:f7e30c27477dffc3e85c2463b3e649f751789e0f6c8456099eea7ddd53be4a8a"},
    {file = "Pillow-7.2.0-cp36-cp36m-win_amd64.whl", hash = "sha256:ffe538682dc19cc542ae7c3e504fdf54ca7f86fb8a135e59dd6bc8627eae6cce"},
    {file = "Pillow-7.2.0-cp37-cp37m-macosx_10_10_x86_64.whl", hash = "sha256:94cf49723928eb6070a892cb39d6c156f7b5a2db4e8971cb958f7b6b104fb4c4"},
    {file = "Pillow-7.2.0-cp37-cp37m-manylinux1_i686.whl", hash = "sha256:6edb5446f44d901e8683ffb25ebdfc26988ee813da3bf91e12252b57ac163727"},
    {file = "Pillow-7.2.0-cp37-cp37m-manylinux1_x86_64.whl", hash = "sha256:52125833b070791fcb5710fabc640fc1df07d087fc0c0f02d3661f76c23c5b8b"},
    {file = "Pillow-7.2.0-cp37-cp37m-manylinux2014_aarch64.whl", hash = "sha256:9ad7f865eebde135d526bb3163d0b23ffff365cf87e767c649550964ad72785d"},
    {file = "Pillow-7.2.0-cp37-cp37m-win32.whl", hash = "sha256:c79f9c5fb846285f943aafeafda3358992d64f0ef58566e23484132ecd8d7d63"},
    {file = "Pillow-7.2.0-cp37-cp37m-win_amd64.whl", hash = "sha256:d350f0f2c2421e65fbc62690f26b59b0bcda1b614beb318c81e38647e0f673a1"},
    {file = "Pillow-7.2.0-cp38-cp38-macosx_10_10_x86_64.whl", hash = "sha256:6d7741e65835716ceea0fd13a7d0192961212fd59e741a46bbed7a473c634ed6"},
    {file = "Pillow-7.2.0-cp38-cp38-manylinux1_i686.whl", hash = "sha256:edf31f1150778abd4322444c393ab9c7bd2af271dd4dafb4208fb613b1f3cdc9"},
    {file = "Pillow-7.2.0-cp38-cp38-manylinux1_x86_64.whl", hash = "sha256:d08b23fdb388c0715990cbc06866db554e1822c4bdcf6d4166cf30ac82df8c41"},
    {file = "Pillow-7.2.0-cp38-cp38-manylinux2014_aarch64.whl", hash = "sha256:5e51ee2b8114def244384eda1c82b10e307ad9778dac5c83fb0943775a653cd8"},
    {file = "Pillow-7.2.0-cp38-cp38-win32.whl", hash = "sha256:725aa6cfc66ce2857d585f06e9519a1cc0ef6d13f186ff3447ab6dff0a09bc7f"},
    {file = "Pillow-7.2.0-cp38-cp38-win_amd64.whl", hash = "sha256:a060cf8aa332052df2158e5a119303965be92c3da6f2d93b6878f0ebca80b2f6"},
    {file = "Pillow-7.2.0-pp36-pypy36_pp73-macosx_10_10_x86_64.whl", hash = "sha256:9c87ef410a58dd54b92424ffd7e28fd2ec65d2f7fc02b76f5e9b2067e355ebf6"},
    {file = "Pillow-7.2.0-pp36-pypy36_pp73-manylinux2010_x86_64.whl", hash = "sha256:e901964262a56d9ea3c2693df68bc9860b8bdda2b04768821e4c44ae797de117"},
    {file = "Pillow-7.2.0-pp36-pypy36_pp73-win32.whl", hash = "sha256:25930fadde8019f374400f7986e8404c8b781ce519da27792cbe46eabec00c4d"},
    {file = "Pillow-7.2.0.tar.gz", hash = "sha256:97f9e7953a77d5a70f49b9a48da7776dc51e9b738151b22dacf101641594a626"},
]
pluggy = [
    {file = "pluggy-0.13.1-py2.py3-none-any.whl", hash = "sha256:966c145cd83c96502c3c3868f50408687b38434af77734af1e9ca461a4081d2d"},
    {file = "pluggy-0.13.1.tar.gz", hash = "sha256:15b2acde666561e1298d71b523007ed7364de07029219b604cf808bfa1c765b0"},
]
psycopg2 = [
    {file = "psycopg2-2.8.5-cp27-cp27m-win32.whl", hash = "sha256:a0984ff49e176062fcdc8a5a2a670c9bb1704a2f69548bce8f8a7bad41c661bf"},
    {file = "psycopg2-2.8.5-cp27-cp27m-win_amd64.whl", hash = "sha256:acf56d564e443e3dea152efe972b1434058244298a94348fc518d6dd6a9fb0bb"},
    {file = "psycopg2-2.8.5-cp34-cp34m-win32.whl", hash = "sha256:440a3ea2c955e89321a138eb7582aa1d22fe286c7d65e26a2c5411af0a88ae72"},
    {file = "psycopg2-2.8.5-cp34-cp34m-win_amd64.whl", hash = "sha256:6b306dae53ec7f4f67a10942cf8ac85de930ea90e9903e2df4001f69b7833f7e"},
    {file = "psycopg2-2.8.5-cp35-cp35m-win32.whl", hash = "sha256:d3b29d717d39d3580efd760a9a46a7418408acebbb784717c90d708c9ed5f055"},
    {file = "psycopg2-2.8.5-cp35-cp35m-win_amd64.whl", hash = "sha256:6a471d4d2a6f14c97a882e8d3124869bc623f3df6177eefe02994ea41fd45b52"},
    {file = "psycopg2-2.8.5-cp36-cp36m-win32.whl", hash = "sha256:27c633f2d5db0fc27b51f1b08f410715b59fa3802987aec91aeb8f562724e95c"},
    {file = "psycopg2-2.8.5-cp36-cp36m-win_amd64.whl", hash = "sha256:2df2bf1b87305bd95eb3ac666ee1f00a9c83d10927b8144e8e39644218f4cf81"},
    {file = "psycopg2-2.8.5-cp37-cp37m-win32.whl", hash = "sha256:ac5b23d0199c012ad91ed1bbb971b7666da651c6371529b1be8cbe2a7bf3c3a9"},
    {file = "psycopg2-2.8.5-cp37-cp37m-win_amd64.whl", hash = "sha256:2c0afb40cfb4d53487ee2ebe128649028c9a78d2476d14a67781e45dc287f080"},
    {file = "psycopg2-2.8.5-cp38-cp38-win32.whl", hash = "sha256:2327bf42c1744a434ed8ed0bbaa9168cac7ee5a22a9001f6fc85c33b8a4a14b7"},
    {file = "psycopg2-2.8.5-cp38-cp38-win_amd64.whl", hash = "sha256:132efc7ee46a763e68a815f4d26223d9c679953cd190f1f218187cb60decf535"},
    {file = "psycopg2-2.8.5.tar.gz", hash = "sha256:f7d46240f7a1ae1dd95aab38bd74f7428d46531f69219954266d669da60c0818"},
]
pycparser = [
    {file = "pycparser-2.20-py2.py3-none-any.whl", hash = "sha256:7582ad22678f0fcd81102833f60ef8d0e57288b6b5fb00323d101be910e35705"},
    {file = "pycparser-2.20.tar.gz", hash = "sha256:2d475327684562c3a96cc71adf7dc8c4f0565175cf86b6d7a404ff4c771f15f0"},
]
pyreadline = [
    {file = "pyreadline-2.1.win-amd64.exe", hash = "sha256:9ce5fa65b8992dfa373bddc5b6e0864ead8f291c94fbfec05fbd5c836162e67b"},
    {file = "pyreadline-2.1.win32.exe", hash = "sha256:65540c21bfe14405a3a77e4c085ecfce88724743a4ead47c66b84defcf82c32e"},
    {file = "pyreadline-2.1.zip", hash = "sha256:4530592fc2e85b25b1a9f79664433da09237c1a270e4d78ea5aa3a2c7229e2d1"},
]
pytesseract = [
    {file = "pytesseract-0.3.5.tar.gz", hash = "sha256:54889a23d38af0e26ac3887895e28eb506d761cdcebc3383fe9d39f678f365f5"},
]
python-dateutil = [
    {file = "python-dateutil-2.8.1.tar.gz", hash = "sha256:73ebfe9dbf22e832286dafa60473e4cd239f8592f699aa5adaf10050e6e1823c"},
    {file = "python_dateutil-2.8.1-py2.py3-none-any.whl", hash = "sha256:75bb3f31ea686f1197762692a9ee6a7550b59fc6ca3a1f4b5d7e32fb98e2da2a"},
]
pytz = [
    {file = "pytz-2020.1-py2.py3-none-any.whl", hash = "sha256:a494d53b6d39c3c6e44c3bec237336e14305e4f29bbf800b599253057fbb79ed"},
    {file = "pytz-2020.1.tar.gz", hash = "sha256:c35965d010ce31b23eeb663ed3cc8c906275d6be1a34393a1d73a41febf4a048"},
]
reportlab = [
    {file = "reportlab-3.5.48-cp27-cp27m-macosx_10_9_x86_64.whl", hash = "sha256:9c83da38b834a0ee0025c44da95a54eacab0a1ed9fa2f48af813b350bb8b1bd0"},
    {file = "reportlab-3.5.48-cp27-cp27m-manylinux1_i686.whl", hash = "sha256:bdd46cb327f635d3ad38674c239b2eef9fabf937913df48366372f13e1a1d66f"},
    {file = "reportlab-3.5.48-cp27-cp27m-manylinux1_x86_64.whl", hash = "sha256:c6310d9bd63248771b7fa709f7d95086008d7d9fd8f22f28aad39e85f4768da2"},
    {file = "reportlab-3.5.48-cp27-cp27m-manylinux2010_i686.whl", hash = "sha256:955c928379c5f62e162f6ce45c8afa596fcb2b6c00c5be77c7369acacc4d6420"},
    {file = "reportlab-3.5.48-cp27-cp27m-manylinux2010_x86_64.whl", hash = "sha256:d7bac677be457286e2ae6fb71ca9f182fadfcb081dbf1cf129eff2510a7ad753"},
    {file = "reportlab-3.5.48-cp27-cp27m-win32.whl", hash = "sha256:b12685d2b96121c6ba8b67dbe8a444d1264430f34bec464dc3275bbbae6b1b2c"},
    {file = "reportlab-3.5.48-cp27-cp27m-win_amd64.whl", hash = "sha256:fd29651d52132869b8f4dd92476d2df1bd70d2c833127dfb2ffedae99f563b61"},
    {file = "reportlab-3.5.48-cp27-cp27mu-manylinux1_i686.whl", hash = "sha256:afeb9e21f3c5a5c940ed75e06ec6bc1106fdde5704d2f248b07650e54389dccc"},
    {file = "reportlab-3.5.48-cp27-cp27mu-manylinux1_x86_64.whl", hash = "sha256:485b654cd749ba916c15772353e9d013df6a96bf32e4b8aa0e4e246c5972bb44"},
    {file = "reportlab-3.5.48-cp27-cp27mu-manylinux2010_i686.whl", hash = "sha256:98cbf102db691ebff179d9e53e301d1cecdf8e5f8427001fb177f9e6f263272b"},
    {file = "reportlab-3.5.48-cp27-cp27mu-manylinux2010_x86_64.whl", hash = "sha256:5b9a4dc67d8de2b3df5faa2e5f77c964c205708ee50161840d3541264477a981"},
    {file = "reportlab-3.5.48-cp35-cp35m-macosx_10_6_intel.whl", hash = "sha256:bf4ec241010061aae061196f92a1fa59e0bd11260d1890d7f5563fa59cf9077f"},
    {file = "reportlab-3.5.48-cp35-cp35m-manylinux1_i686.whl", hash = "sha256:d53b9ec6b2cc1264a18a0f41a7c29bc9b45c4dca10620bd72e145624e5013aa0"},
    {file = "reportlab-3.5.48-cp35-cp35m-manylinux1_x86_64.whl", hash = "sha256:ec422f0468b9b1d1c6ad20b0c77884a976e08dcd91a5318d54d41a665799ed07"},
    {file = "reportlab-3.5.48-cp35-cp35m-manylinux2010_i686.whl", hash = "sha256:73d7cd42dc4f2f909356f5d908500e7bad22bd5aa6561840c251ddef12331adc"},
    {file = "reportlab-3.5.48-cp35-cp35m-manylinux2010_x86_64.whl", hash = "sha256:09a3a082da3ae65844a0b6834f2f09427e5f64171127bea19a94da108df33ce7"},
    {file = "reportlab-3.5.48-cp35-cp35m-win32.whl", hash = "sha256:56b1dc9863860ef5dca61fa219c26d9064319a702e6017250b5c55807467a484"},
    {file = "reportlab-3.5.48-cp35-cp35m-win_amd64.whl", hash = "sha256:0474051ead5a61e44063d8f9481a8d339b0633ece4164eda1899f48918d3c817"},
    {file = "reportlab-3.5.48-cp36-cp36m-macosx_10_9_x86_64.whl", hash = "sha256:28d87fee0c3ccdbbfe4377dfb246e4c3274a2cde2efc9c778d6b9e3c152447fd"},
    {file = "reportlab-3.5.48-cp36-cp36m-manylinux1_i686.whl", hash = "sha256:885edd7ffc34b89fb88264939259e8d2db418a354e69326b2beabce58b8c98e9"},
    {file = "reportlab-3.5.48-cp36-cp36m-manylinux1_x86_64.whl", hash = "sha256:c34fab4d46235c92dbd1eb85726f496f466855585b609370aead91515ec28592"},
    {file = "reportlab-3.5.48-cp36-cp36m-manylinux2010_i686.whl", hash = "sha256:d0c387cf870989f561c4ebb8706bb4e6f226a7d86f3e3b437a451ec765a0aba9"},
    {file = "reportlab-3.5.48-cp36-cp36m-manylinux2010_x86_64.whl", hash = "sha256:57017f9aa92c529df669b32f7e0352e663927295156b409c073fa5852e2441d6"},
    {file = "reportlab-3.5.48-cp36-cp36m-win32.whl", hash = "sha256:2f2d0b9fa3342b61fcbe47fd6621e4b3b195c4d0a84cdef5df0215eab1236fcb"},
    {file = "reportlab-3.5.48-cp36-cp36m-win_amd64.whl", hash = "sha256:60f3720a35f6b2d75c6a903a8f011ab7f3137be1a975b3bad0626b6c01f0c6bc"},
    {file = "reportlab-3.5.48-cp37-cp37m-macosx_10_9_x86_64.whl", hash = "sha256:818184940189b8b1aed283caace1bcda74ea726a01c08bf84a02930f27e914cd"},
    {file = "reportlab-3.5.48-cp37-cp37m-manylinux1_i686.whl", hash = "sha256:b17113b2c2a520a3f3a7c0b114f79355add7648274d4d387ac260fbd85086fb7"},
    {file = "reportlab-3.5.48-cp37-cp37m-manylinux1_x86_64.whl", hash = "sha256:6653597679b4a31df26f37be85d20fcf6f266a8c5d167285a2f12458767356cc"},
    {file = "reportlab-3.5.48-cp37-cp37m-manylinux2010_i686.whl", hash = "sha256:aa37237991da0c12fef2ae6f1ea384119d3952acde628288074f7ac5ac0d4361"},
    {file = "reportlab-3.5.48-cp37-cp37m-manylinux2010_x86_64.whl", hash = "sha256:1c213899b5876b284e909d44fb250a71a1a56930786b59c140264d7804f35899"},
    {file = "reportlab-3.5.48-cp37-cp37m-win32.whl", hash = "sha256:05f50dd5b6092d412190933382319cbba5a864950c987825332b8701bbe42c07"},
    {file = "reportlab-3.5.48-cp37-cp37m-win_amd64.whl", hash = "sha256:0ab25559416b7e3cb8b4e321350778ea42ede208a2ef1cbff4917ec9a3f8cad1"},
    {file = "reportlab-3.5.48-cp38-cp38-macosx_10_9_x86_64.whl", hash = "sha256:258bb8c06021dbc2d5dbf715b44c0a0f21fd5c50ed7355308c481028a5e2cc7b"},
    {file = "reportlab-3.5.48-cp38-cp38-manylinux1_i686.whl", hash = "sha256:49801520ae9f4817064de9e03530eda593b1b31ddd87a8a2d39fcb4877f4bf0b"},
    {file = "reportlab-3.5.48-cp38-cp38-manylinux1_x86_64.whl", hash = "sha256:f1ce639206409d7a129d82a60d1daa8d7b8fbb8d89a27c66507c0e99cf98904d"},
    {file = "reportlab-3.5.48-cp38-cp38-manylinux2010_i686.whl", hash = "sha256:68f031c4a28ddcdf49b7e455ccf51c23a3871c2e4b4fbe77f1e78d1ec1791fa5"},
    {file = "reportlab-3.5.48-cp38-cp38-manylinux2010_x86_64.whl", hash = "sha256:9cc7151f501bf11090858eae73f5d1a730147a6aa8e71eb72fad4ce0668c3197"},
    {file = "reportlab-3.5.48-cp38-cp38-win32.whl", hash = "sha256:4e738847ac769ccb7cfd9bbfd1f4a9fe94515dd0d12a659a79670994c4a0b018"},
    {file = "reportlab-3.5.48-cp38-cp38-win_amd64.whl", hash = "sha256:09ba191ee5ba5b45dc33010bcc63008cfc3784aa2e0405267c5497b748839cfa"},
    {file = "reportlab-3.5.48.tar.gz", hash = "sha256:0bfe3fe6e1bd1d922f83683eae2ba1d2d29de94e25fb115eacca9530b4b02f76"},
]
s3transfer = [
    {file = "s3transfer-0.3.3-py2.py3-none-any.whl", hash = "sha256:2482b4259524933a022d59da830f51bd746db62f047d6eb213f2f8855dcb8a13"},
    {file = "s3transfer-0.3.3.tar.gz", hash = "sha256:921a37e2aefc64145e7b73d50c71bb4f26f46e4c9f414dc648c6245ff92cf7db"},
]
six = [
    {file = "six-1.15.0-py2.py3-none-any.whl", hash = "sha256:8b74bedcbbbaca38ff6d7491d76f2b06b3592611af620f8426e82dddb04a5ced"},
    {file = "six-1.15.0.tar.gz", hash = "sha256:30639c035cdb23534cd4aa2dd52c3bf48f06e5f4a941509c8bafd8ce11080259"},
]
sortedcontainers = [
    {file = "sortedcontainers-2.2.2-py2.py3-none-any.whl", hash = "sha256:c633ebde8580f241f274c1f8994a665c0e54a17724fecd0cae2f079e09c36d3f"},
    {file = "sortedcontainers-2.2.2.tar.gz", hash = "sha256:4e73a757831fc3ca4de2859c422564239a31d8213d09a2a666e375807034d2ba"},
]
sqlparse = [
    {file = "sqlparse-0.3.1-py2.py3-none-any.whl", hash = "sha256:022fb9c87b524d1f7862b3037e541f68597a730a8843245c349fc93e1643dc4e"},
    {file = "sqlparse-0.3.1.tar.gz", hash = "sha256:e162203737712307dfe78860cc56c8da8a852ab2ee33750e33aeadf38d12c548"},
]
tqdm = [
    {file = "tqdm-4.48.2-py2.py3-none-any.whl", hash = "sha256:1a336d2b829be50e46b84668691e0a2719f26c97c62846298dd5ae2937e4d5cf"},
    {file = "tqdm-4.48.2.tar.gz", hash = "sha256:564d632ea2b9cb52979f7956e093e831c28d441c11751682f84c86fc46e4fd21"},
]
urllib3 = [
    {file = "urllib3-1.25.10-py2.py3-none-any.whl", hash = "sha256:e7983572181f5e1522d9c98453462384ee92a0be7fac5f1413a1e35c56cc0461"},
    {file = "urllib3-1.25.10.tar.gz", hash = "sha256:91056c15fa70756691db97756772bb1eb9678fa585d9184f24534b100dc60f4a"},
]
whitenoise = [
    {file = "whitenoise-5.2.0-py2.py3-none-any.whl", hash = "sha256:05d00198c777028d72d8b0bbd234db605ef6d60e9410125124002518a48e515d"},
    {file = "whitenoise-5.2.0.tar.gz", hash = "sha256:05ce0be39ad85740a78750c86a93485c40f08ad8c62a6006de0233765996e5c7"},
]
zipp = [
    {file = "zipp-3.1.0-py3-none-any.whl", hash = "sha256:aa36550ff0c0b7ef7fa639055d797116ee891440eac1a56f378e2d3179e0320b"},
    {file = "zipp-3.1.0.tar.gz", hash = "sha256:c599e4d75c98f6798c509911d08a22e6c021d074469042177c8c86fb92eefd96"},
]
